
Microsoft Visual Studio Solution File, Format Version 12.00
# Visual Studio Version 16
VisualStudioVersion = 16.0.30621.155
MinimumVisualStudioVersion = 10.0.40219.1
Project("{FAE04EC0-301F-11D3-BF4B-00C04F79EFBC}") = "Eshop", "Eshop\Eshop.csproj", "{2DBC61D0-85FB-4E57-B88E-F9BFCD782A30}"
EndProject
Global
	GlobalSection(SolutionConfigurationPlatforms) = preSolution
		Debug|Any CPU = Debug|Any CPU
		Release|Any CPU = Release|Any CPU
	EndGlobalSection
	GlobalSection(ProjectConfigurationPlatforms) = postSolution
		{2DBC61D0-85FB-4E57-B88E-F9BFCD782A30}.Debug|Any CPU.ActiveCfg = Debug|Any CPU
		{2DBC61D0-85FB-4E57-B88E-F9BFCD782A30}.Debug|Any CPU.Build.0 = Debug|Any CPU
		{2DBC61D0-85FB-4E57-B88E-F9BFCD782A30}.Release|Any CPU.ActiveCfg = Release|Any CPU
		{2DBC61D0-85FB-4E57-B88E-F9BFCD782A30}.Release|Any CPU.Build.0 = Release|Any CPU
	EndGlobalSection
	GlobalSection(SolutionProperties) = preSolution
		HideSolutionNode = FALSE
	EndGlobalSection
	GlobalSection(ExtensibilityGlobals) = postSolution
		SolutionGuid = {57E3226E-D0DD-4D5B-969D-05D7C113CAC2}
	EndGlobalSection
EndGlobal
